// !$*UTF8*$!
{
	archiveVersion = 1;
	classes = {
	};
	objectVersion = 46;
	objects = {

/* Begin PBXBuildFile section */
		0367010FF4A2B0F70862B273 /* StopVoiceIntent.swift in Sources */ = {isa = PBXBuildFile; fileRef = D4DE13D66E818B197EAFE4DF /* StopVoiceIntent.swift */; };
		17C04E3E5E16AFBEC646ADAE /* LiteRTLM in Frameworks */ = {isa = PBXBuildFile; productRef = 6018E07545EE523537FF920A /* LiteRTLM */; };
		2201C5DB03E2D893E7EAF976 /* Foundation.framework in Frameworks */ = {isa = PBXBuildFile; fileRef = 09291EA5BCA95EEBB4059AC0 /* Foundation.framework */; };
		24AB98197870FFB15506ED94 /* VoiceActivityState.swift in Sources */ = {isa = PBXBuildFile; fileRef = 0F33B86D2CC4801A1DE92BC2 /* VoiceActivityState.swift */; };
		2AEE1CC342B7BB9FC0494E47 /* StopVoiceIntent.swift in Sources */ = {isa = PBXBuildFile; fileRef = D4DE13D66E818B197EAFE4DF /* StopVoiceIntent.swift */; };
		2CAFDF368023104EEC4DCF87 /* PocketAskLiveActivity.appex in Embed App Extensions */ = {isa = PBXBuildFile; fileRef = B5F5CABB9E37E933F07A330C /* PocketAskLiveActivity.appex */; settings = {ATTRIBUTES = (RemoveHeadersOnCopy, ); }; };
		2EB125225483C3EF62A7A560 /* IOSInputs.swift in Sources */ = {isa = PBXBuildFile; fileRef = 26F4B0804741CF02E804CFA1 /* IOSInputs.swift */; };
		5858334ABAFB585B66902E43 /* VoiceActivityTests.swift in Sources */ = {isa = PBXBuildFile; fileRef = 24D0D9ADA3D9AB8A15145EA7 /* VoiceActivityTests.swift */; };
		731523316C852B35752CB3CF /* Foundation.framework in Frameworks */ = {isa = PBXBuildFile; fileRef = 09291EA5BCA95EEBB4059AC0 /* Foundation.framework */; };
		78350FEC493FA4DBA9E1EF26 /* PocketActivityAttributes.swift in Sources */ = {isa = PBXBuildFile; fileRef = B25AAC21C3A6C90C7EDA1AF6 /* PocketActivityAttributes.swift */; };
		9ECF9A653BEB0F1971DD0BB7 /* VoiceActivityState.swift in Sources */ = {isa = PBXBuildFile; fileRef = 0F33B86D2CC4801A1DE92BC2 /* VoiceActivityState.swift */; };
		AA0100000000000000000000 /* IOSSpeech.swift in Sources */ = {isa = PBXBuildFile; fileRef = AA0200000000000000000000 /* IOSSpeech.swift */; };
		AA0100000000000000000001 /* SupertonicHelper.swift in Sources */ = {isa = PBXBuildFile; fileRef = AA0200000000000000000001 /* SupertonicHelper.swift */; };
		AA0100000000000000000002 /* Assets.xcassets in Resources */ = {isa = PBXBuildFile; fileRef = AA0200000000000000000002 /* Assets.xcassets */; };
		AA0300000000000000000001 /* onnxruntime in Frameworks */ = {isa = PBXBuildFile; productRef = AA0400000000000000000001 /* onnxruntime */; };
		AA0600000000000000000001 /* supertonic in Resources */ = {isa = PBXBuildFile; fileRef = AA0700000000000000000001 /* supertonic */; };
		BB0100000000000000000001 /* IOSIndexing.swift in Sources */ = {isa = PBXBuildFile; fileRef = BB0200000000000000000001 /* IOSIndexing.swift */; };
		BB0100000000000000000002 /* IOSOcr.swift in Sources */ = {isa = PBXBuildFile; fileRef = BB0200000000000000000002 /* IOSOcr.swift */; };
		C9A1F9AA48B981532897E90D /* SwiftRuntime.swift in Sources */ = {isa = PBXBuildFile; fileRef = 258F48E40151D91B975525B4 /* SwiftRuntime.swift */; };
		DA389A117D15F43306243C9E /* PocketActivityAttributes.swift in Sources */ = {isa = PBXBuildFile; fileRef = B25AAC21C3A6C90C7EDA1AF6 /* PocketActivityAttributes.swift */; };
		DD7D7BB28D8C448AE86BFA3C /* Foundation.framework in Frameworks */ = {isa = PBXBuildFile; fileRef = 09291EA5BCA95EEBB4059AC0 /* Foundation.framework */; };
		E2B0BADD5F34B67FEE9E2978 /* PocketAskLiveActivity.swift in Sources */ = {isa = PBXBuildFile; fileRef = E95E2B0EB3941EFF17DAC40C /* PocketAskLiveActivity.swift */; };
		F2365ABE2D67FFD228D83496 /* IOSModelTransfers.swift in Sources */ = {isa = PBXBuildFile; fileRef = BE53B97670C88F78D01937A4 /* IOSModelTransfers.swift */; };
		F844ABE3DD77761B6CE7867A /* PocketAskApp.swift in Sources */ = {isa = PBXBuildFile; fileRef = 4BDE5BBA1C6AA0F265C62206 /* PocketAskApp.swift */; };
		FBD465BCDEB2EF2124ABEFBE /* IOSVoiceActivities.swift in Sources */ = {isa = PBXBuildFile; fileRef = 0AE3DAAFC5DE2D49F7CE7CC4 /* IOSVoiceActivities.swift */; };
/* End PBXBuildFile section */

/* Begin PBXContainerItemProxy section */
		1FC587493C623E8463694365 /* PBXContainerItemProxy */ = {
			isa = PBXContainerItemProxy;
			containerPortal = DAF7ADED838C9A9613423386 /* Project object */;
			proxyType = 1;
			remoteGlobalIDString = 2514A200E0C83D6089FF8F17;
			remoteInfo = PocketAsk;
		};
		70FAEFE88D71783936FDD154 /* PBXContainerItemProxy */ = {
			isa = PBXContainerItemProxy;
			containerPortal = DAF7ADED838C9A9613423386 /* Project object */;
			proxyType = 1;
			remoteGlobalIDString = DCD5E7FF0E9C06B10B6DC88F;
			remoteInfo = PocketAskLiveActivity;
		};
/* End PBXContainerItemProxy section */

/* Begin PBXCopyFilesBuildPhase section */
		0E779677E6A2A739903C04ED /* Embed App Extensions */ = {
			isa = PBXCopyFilesBuildPhase;
			buildActionMask = 2147483647;
			dstPath = "";
			dstSubfolderSpec = 13;
			files = (
				2CAFDF368023104EEC4DCF87 /* PocketAskLiveActivity.appex in Embed App Extensions */,
			);
			name = "Embed App Extensions";
			runOnlyForDeploymentPostprocessing = 0;
		};
/* End PBXCopyFilesBuildPhase section */

/* Begin PBXFileReference section */
		09291EA5BCA95EEBB4059AC0 /* Foundation.framework */ = {isa = PBXFileReference; lastKnownFileType = wrapper.framework; name = Foundation.framework; path = Platforms/iPhoneOS.platform/Developer/SDKs/iPhoneOS18.0.sdk/System/Library/Frameworks/Foundation.framework; sourceTree = DEVELOPER_DIR; };
		0AE3DAAFC5DE2D49F7CE7CC4 /* IOSVoiceActivities.swift */ = {isa = PBXFileReference; includeInIndex = 1; lastKnownFileType = sourcecode.swift; path = IOSVoiceActivities.swift; sourceTree = "<group>"; };
		0F33B86D2CC4801A1DE92BC2 /* VoiceActivityState.swift */ = {isa = PBXFileReference; includeInIndex = 1; lastKnownFileType = sourcecode.swift; path = VoiceActivityState.swift; sourceTree = "<group>"; };
		24D0D9ADA3D9AB8A15145EA7 /* VoiceActivityTests.swift */ = {isa = PBXFileReference; includeInIndex = 1; lastKnownFileType = sourcecode.swift; path = VoiceActivityTests.swift; sourceTree = "<group>"; };
		258F48E40151D91B975525B4 /* SwiftRuntime.swift */ = {isa = PBXFileReference; includeInIndex = 1; lastKnownFileType = sourcecode.swift; path = SwiftRuntime.swift; sourceTree = "<group>"; };
		26F4B0804741CF02E804CFA1 /* IOSInputs.swift */ = {isa = PBXFileReference; includeInIndex = 1; lastKnownFileType = sourcecode.swift; path = IOSInputs.swift; sourceTree = "<group>"; };
		4BDE5BBA1C6AA0F265C62206 /* PocketAskApp.swift */ = {isa = PBXFileReference; includeInIndex = 1; lastKnownFileType = sourcecode.swift; path = PocketAskApp.swift; sourceTree = "<group>"; };
		5C5D78537CB33BE48EA4D47C /* PocketAsk.app */ = {isa = PBXFileReference; explicitFileType = wrapper.application; includeInIndex = 0; path = PocketAsk.app; sourceTree = BUILT_PRODUCTS_DIR; };
		AA0200000000000000000000 /* IOSSpeech.swift */ = {isa = PBXFileReference; lastKnownFileType = sourcecode.swift; path = IOSSpeech.swift; sourceTree = "<group>"; };
		AA0200000000000000000001 /* SupertonicHelper.swift */ = {isa = PBXFileReference; lastKnownFileType = sourcecode.swift; path = SupertonicHelper.swift; sourceTree = "<group>"; };
		AA0200000000000000000002 /* Assets.xcassets */ = {isa = PBXFileReference; lastKnownFileType = folder.assetcatalog; path = Assets.xcassets; sourceTree = "<group>"; };
		AA0700000000000000000001 /* supertonic */ = {isa = PBXFileReference; lastKnownFileType = folder; path = "../third-party/supertonic"; sourceTree = "<group>"; };
		B25AAC21C3A6C90C7EDA1AF6 /* PocketActivityAttributes.swift */ = {isa = PBXFileReference; includeInIndex = 1; lastKnownFileType = sourcecode.swift; path = PocketActivityAttributes.swift; sourceTree = "<group>"; };
		B5F5CABB9E37E933F07A330C /* PocketAskLiveActivity.appex */ = {isa = PBXFileReference; explicitFileType = "wrapper.app-extension"; includeInIndex = 0; path = PocketAskLiveActivity.appex; sourceTree = BUILT_PRODUCTS_DIR; };
		BB0200000000000000000001 /* IOSIndexing.swift */ = {isa = PBXFileReference; lastKnownFileType = sourcecode.swift; path = IOSIndexing.swift; sourceTree = "<group>"; };
		BB0200000000000000000002 /* IOSOcr.swift */ = {isa = PBXFileReference; lastKnownFileType = sourcecode.swift; path = IOSOcr.swift; sourceTree = "<group>"; };
		BE53B97670C88F78D01937A4 /* IOSModelTransfers.swift */ = {isa = PBXFileReference; includeInIndex = 1; lastKnownFileType = sourcecode.swift; path = IOSModelTransfers.swift; sourceTree = "<group>"; };
		D4DE13D66E818B197EAFE4DF /* StopVoiceIntent.swift */ = {isa = PBXFileReference; includeInIndex = 1; lastKnownFileType = sourcecode.swift; path = StopVoiceIntent.swift; sourceTree = "<group>"; };
		DE5B099520869771B6FB90FE /* PocketAskNativeTests.xctest */ = {isa = PBXFileReference; explicitFileType = wrapper.cfbundle; includeInIndex = 0; path = PocketAskNativeTests.xctest; sourceTree = BUILT_PRODUCTS_DIR; };
		E48D56A6E8F44EE143EE8BFF /* Info.plist */ = {isa = PBXFileReference; includeInIndex = 1; lastKnownFileType = text.plist.xml; path = Info.plist; sourceTree = "<group>"; };
		E95E2B0EB3941EFF17DAC40C /* PocketAskLiveActivity.swift */ = {isa = PBXFileReference; includeInIndex = 1; lastKnownFileType = sourcecode.swift; path = PocketAskLiveActivity.swift; sourceTree = "<group>"; };
/* End PBXFileReference section */

/* Begin PBXFrameworksBuildPhase section */
		3364A99D6D85966E8DF3EE0E /* Frameworks */ = {
			isa = PBXFrameworksBuildPhase;
			buildActionMask = 2147483647;
			files = (
				2201C5DB03E2D893E7EAF976 /* Foundation.framework in Frameworks */,
			);
			runOnlyForDeploymentPostprocessing = 0;
		};
		92904FCCF882599D930063D0 /* Frameworks */ = {
			isa = PBXFrameworksBuildPhase;
			buildActionMask = 2147483647;
			files = (
				731523316C852B35752CB3CF /* Foundation.framework in Frameworks */,
			);
			runOnlyForDeploymentPostprocessing = 0;
		};
		E0A52AF7083506F985932EAA /* Frameworks */ = {
			isa = PBXFrameworksBuildPhase;
			buildActionMask = 2147483647;
			files = (
				DD7D7BB28D8C448AE86BFA3C /* Foundation.framework in Frameworks */,
				17C04E3E5E16AFBEC646ADAE /* LiteRTLM in Frameworks */,
				AA0300000000000000000001 /* onnxruntime in Frameworks */,
			);
			runOnlyForDeploymentPostprocessing = 0;
		};
/* End PBXFrameworksBuildPhase section */

/* Begin PBXGroup section */
		098F56F25BFF577C281DAC45 /* iOS */ = {
			isa = PBXGroup;
			children = (
				09291EA5BCA95EEBB4059AC0 /* Foundation.framework */,
			);
			name = iOS;
			sourceTree = "<group>";
		};
		4BC40DEE76721595460022C6 /* Products */ = {
			isa = PBXGroup;
			children = (
				5C5D78537CB33BE48EA4D47C /* PocketAsk.app */,
				B5F5CABB9E37E933F07A330C /* PocketAskLiveActivity.appex */,
				DE5B099520869771B6FB90FE /* PocketAskNativeTests.xctest */,
			);
			name = Products;
			sourceTree = "<group>";
		};
		57F86A31040710A39FBA1797 /* Frameworks */ = {
			isa = PBXGroup;
			children = (
				098F56F25BFF577C281DAC45 /* iOS */,
			);
			name = Frameworks;
			sourceTree = "<group>";
		};
		95FF883350016E17BA94A241 = {
			isa = PBXGroup;
			children = (
				AA0200000000000000000002 /* Assets.xcassets */,
				AA0700000000000000000001 /* supertonic */,
				AA0200000000000000000001 /* SupertonicHelper.swift */,
				AA0200000000000000000000 /* IOSSpeech.swift */,
				4BC40DEE76721595460022C6 /* Products */,
				57F86A31040710A39FBA1797 /* Frameworks */,
				4BDE5BBA1C6AA0F265C62206 /* PocketAskApp.swift */,
				BB0200000000000000000001 /* IOSIndexing.swift */,
				BB0200000000000000000002 /* IOSOcr.swift */,
				258F48E40151D91B975525B4 /* SwiftRuntime.swift */,
				26F4B0804741CF02E804CFA1 /* IOSInputs.swift */,
				BE53B97670C88F78D01937A4 /* IOSModelTransfers.swift */,
				0F33B86D2CC4801A1DE92BC2 /* VoiceActivityState.swift */,
				B25AAC21C3A6C90C7EDA1AF6 /* PocketActivityAttributes.swift */,
				D4DE13D66E818B197EAFE4DF /* StopVoiceIntent.swift */,
				0AE3DAAFC5DE2D49F7CE7CC4 /* IOSVoiceActivities.swift */,
				D1420720FE3BC83D3A749331 /* LiveActivity */,
				D77C0105E5028FE365EBE28F /* NativeTests */,
			);
			sourceTree = "<group>";
		};
		D1420720FE3BC83D3A749331 /* LiveActivity */ = {
			isa = PBXGroup;
			children = (
				E95E2B0EB3941EFF17DAC40C /* PocketAskLiveActivity.swift */,
				E48D56A6E8F44EE143EE8BFF /* Info.plist */,
			);
			name = LiveActivity;
			path = LiveActivity;
			sourceTree = "<group>";
		};
		D77C0105E5028FE365EBE28F /* NativeTests */ = {
			isa = PBXGroup;
			children = (
				24D0D9ADA3D9AB8A15145EA7 /* VoiceActivityTests.swift */,
			);
			name = NativeTests;
			path = NativeTests;
			sourceTree = "<group>";
		};
/* End PBXGroup section */

/* Begin PBXNativeTarget section */
		2514A200E0C83D6089FF8F17 /* PocketAsk */ = {
			isa = PBXNativeTarget;
			buildConfigurationList = EF60E0CF0D845FF71F40B7C0 /* Build configuration list for PBXNativeTarget "PocketAsk" */;
			buildPhases = (
				1BC6240C63FE16A255973453 /* Build shared Kotlin framework */,
				D0B735DB56922EEB1EEAC7BB /* Sources */,
				E0A52AF7083506F985932EAA /* Frameworks */,
				DD55620F8528F2D7389E671A /* Resources */,
				0E779677E6A2A739903C04ED /* Embed App Extensions */,
			);
			buildRules = (
			);
			dependencies = (
				1CFB39A1A1DB3A6E786ED9A8 /* PBXTargetDependency */,
			);
			name = PocketAsk;
			packageProductDependencies = (
				AA0400000000000000000001 /* onnxruntime */,
				6018E07545EE523537FF920A /* LiteRTLM */,
			);
			productName = PocketAsk;
			productReference = 5C5D78537CB33BE48EA4D47C /* PocketAsk.app */;
			productType = "com.apple.product-type.application";
		};
		7AC656586CBC014D99D11694 /* PocketAskNativeTests */ = {
			isa = PBXNativeTarget;
			buildConfigurationList = 0C12F207D4CA28F29F66F77E /* Build configuration list for PBXNativeTarget "PocketAskNativeTests" */;
			buildPhases = (
				2C095719043546A051A2AFE6 /* Sources */,
				3364A99D6D85966E8DF3EE0E /* Frameworks */,
				BFEC3A61A1F45064BD4F1ED9 /* Resources */,
			);
			buildRules = (
			);
			dependencies = (
				2638DABBF25F31CCCBF5FB72 /* PBXTargetDependency */,
			);
			name = PocketAskNativeTests;
			productName = PocketAskNativeTests;
			productReference = DE5B099520869771B6FB90FE /* PocketAskNativeTests.xctest */;
			productType = "com.apple.product-type.bundle.unit-test";
		};
		DCD5E7FF0E9C06B10B6DC88F /* PocketAskLiveActivity */ = {
			isa = PBXNativeTarget;
			buildConfigurationList = 94825A9290CCBFDA23A109EA /* Build configuration list for PBXNativeTarget "PocketAskLiveActivity" */;
			buildPhases = (
				2F99A272FE2ACD7F7BB54D7A /* Sources */,
				92904FCCF882599D930063D0 /* Frameworks */,
				6A65EF688F3E7C43E7A84F29 /* Resources */,
			);
			buildRules = (
			);
			dependencies = (
			);
			name = PocketAskLiveActivity;
			productName = PocketAskLiveActivity;
			productReference = B5F5CABB9E37E933F07A330C /* PocketAskLiveActivity.appex */;
			productType = "com.apple.product-type.app-extension";
		};
/* End PBXNativeTarget section */

/* Begin PBXProject section */
		DAF7ADED838C9A9613423386 /* Project object */ = {
			isa = PBXProject;
			attributes = {
				LastSwiftUpdateCheck = 1600;
				LastUpgradeCheck = 1600;
			};
			buildConfigurationList = A04054487159A8F699E68890 /* Build configuration list for PBXProject "PocketAsk" */;
			compatibilityVersion = "Xcode 3.2";
			developmentRegion = en;
			hasScannedForEncodings = 0;
			knownRegions = (
				en,
				Base,
			);
			mainGroup = 95FF883350016E17BA94A241;
			minimizedProjectReferenceProxies = 0;
			packageReferences = (
				AA0500000000000000000001 /* XCRemoteSwiftPackageReference "onnxruntime-swift-package-manager" */,
				7DC67945C00ADB496FBAAFD2 /* XCRemoteSwiftPackageReference "LiteRT-LM" */,
			);
			preferredProjectObjectVersion = 77;
			productRefGroup = 4BC40DEE76721595460022C6 /* Products */;
			projectDirPath = "";
			projectRoot = "";
			targets = (
				2514A200E0C83D6089FF8F17 /* PocketAsk */,
				DCD5E7FF0E9C06B10B6DC88F /* PocketAskLiveActivity */,
				7AC656586CBC014D99D11694 /* PocketAskNativeTests */,
			);
		};
/* End PBXProject section */

/* Begin PBXResourcesBuildPhase section */
		6A65EF688F3E7C43E7A84F29 /* Resources */ = {
			isa = PBXResourcesBuildPhase;
			buildActionMask = 2147483647;
			files = (
			);
			runOnlyForDeploymentPostprocessing = 0;
		};
		BFEC3A61A1F45064BD4F1ED9 /* Resources */ = {
			isa = PBXResourcesBuildPhase;
			buildActionMask = 2147483647;
			files = (
			);
			runOnlyForDeploymentPostprocessing = 0;
		};
		DD55620F8528F2D7389E671A /* Resources */ = {
			isa = PBXResourcesBuildPhase;
			buildActionMask = 2147483647;
			files = (
				AA0100000000000000000002 /* Assets.xcassets in Resources */,
				AA0600000000000000000001 /* supertonic in Resources */,
			);
			runOnlyForDeploymentPostprocessing = 0;
		};
/* End PBXResourcesBuildPhase section */

/* Begin PBXShellScriptBuildPhase section */
		1BC6240C63FE16A255973453 /* Build shared Kotlin framework */ = {
			isa = PBXShellScriptBuildPhase;
			alwaysOutOfDate = 1;
			buildActionMask = 2147483647;
			files = (
			);
			inputFileListPaths = (
			);
			inputPaths = (
			);
			name = "Build shared Kotlin framework";
			outputFileListPaths = (
			);
			outputPaths = (
			);
			runOnlyForDeploymentPostprocessing = 0;
			shellPath = /bin/sh;
			shellScript = "cd \"$SRCROOT/..\"\n./gradlew :shared:embedAndSignAppleFrameworkForXcode\n";
		};
/* End PBXShellScriptBuildPhase section */

/* Begin PBXSourcesBuildPhase section */
		2C095719043546A051A2AFE6 /* Sources */ = {
			isa = PBXSourcesBuildPhase;
			buildActionMask = 2147483647;
			files = (
				5858334ABAFB585B66902E43 /* VoiceActivityTests.swift in Sources */,
			);
			runOnlyForDeploymentPostprocessing = 0;
		};
		2F99A272FE2ACD7F7BB54D7A /* Sources */ = {
			isa = PBXSourcesBuildPhase;
			buildActionMask = 2147483647;
			files = (
				E2B0BADD5F34B67FEE9E2978 /* PocketAskLiveActivity.swift in Sources */,
				24AB98197870FFB15506ED94 /* VoiceActivityState.swift in Sources */,
				DA389A117D15F43306243C9E /* PocketActivityAttributes.swift in Sources */,
				2AEE1CC342B7BB9FC0494E47 /* StopVoiceIntent.swift in Sources */,
			);
			runOnlyForDeploymentPostprocessing = 0;
		};
		D0B735DB56922EEB1EEAC7BB /* Sources */ = {
			isa = PBXSourcesBuildPhase;
			buildActionMask = 2147483647;
			files = (
				AA0100000000000000000001 /* SupertonicHelper.swift in Sources */,
				AA0100000000000000000000 /* IOSSpeech.swift in Sources */,
				F844ABE3DD77761B6CE7867A /* PocketAskApp.swift in Sources */,
				BB0100000000000000000001 /* IOSIndexing.swift in Sources */,
				BB0100000000000000000002 /* IOSOcr.swift in Sources */,
				C9A1F9AA48B981532897E90D /* SwiftRuntime.swift in Sources */,
				2EB125225483C3EF62A7A560 /* IOSInputs.swift in Sources */,
				F2365ABE2D67FFD228D83496 /* IOSModelTransfers.swift in Sources */,
				9ECF9A653BEB0F1971DD0BB7 /* VoiceActivityState.swift in Sources */,
				78350FEC493FA4DBA9E1EF26 /* PocketActivityAttributes.swift in Sources */,
				0367010FF4A2B0F70862B273 /* StopVoiceIntent.swift in Sources */,
				FBD465BCDEB2EF2124ABEFBE /* IOSVoiceActivities.swift in Sources */,
			);
			runOnlyForDeploymentPostprocessing = 0;
		};
/* End PBXSourcesBuildPhase section */

/* Begin PBXTargetDependency section */
		1CFB39A1A1DB3A6E786ED9A8 /* PBXTargetDependency */ = {
			isa = PBXTargetDependency;
			name = PocketAskLiveActivity;
			target = DCD5E7FF0E9C06B10B6DC88F /* PocketAskLiveActivity */;
			targetProxy = 70FAEFE88D71783936FDD154 /* PBXContainerItemProxy */;
		};
		2638DABBF25F31CCCBF5FB72 /* PBXTargetDependency */ = {
			isa = PBXTargetDependency;
			name = PocketAsk;
			target = 2514A200E0C83D6089FF8F17 /* PocketAsk */;
			targetProxy = 1FC587493C623E8463694365 /* PBXContainerItemProxy */;
		};
/* End PBXTargetDependency section */

/* Begin XCBuildConfiguration section */
		3CE909FEED7D17C5884A99C1 /* Debug */ = {
			isa = XCBuildConfiguration;
			buildSettings = {
				APPLICATION_EXTENSION_API_ONLY = YES;
				CLANG_ENABLE_OBJC_WEAK = NO;
				CODE_SIGN_STYLE = Automatic;
				CURRENT_PROJECT_VERSION = 1;
				DEVELOPMENT_TEAM = 25M26744V5;
				GENERATE_INFOPLIST_FILE = YES;
				INFOPLIST_FILE = LiveActivity/Info.plist;
				INFOPLIST_KEY_CFBundleDisplayName = "Pocket Ask Voice";
				IPHONEOS_DEPLOYMENT_TARGET = 17.0;
				LD_RUNPATH_SEARCH_PATHS = "$(inherited) @executable_path/Frameworks @executable_path/../../Frameworks";
				MARKETING_VERSION = 0.1.0;
				PRODUCT_BUNDLE_IDENTIFIER = dev.denisschule.pocketask.voice;
				SDKROOT = iphoneos;
				SKIP_INSTALL = YES;
				SWIFT_VERSION = 5.0;
				TARGETED_DEVICE_FAMILY = "1,2";
			};
			name = Debug;
		};
		4D267E61B87B51D4FE5B2C22 /* Debug */ = {
			isa = XCBuildConfiguration;
			buildSettings = {
				ALWAYS_SEARCH_USER_PATHS = NO;
				CLANG_ANALYZER_NONNULL = YES;
				CLANG_ANALYZER_NUMBER_OBJECT_CONVERSION = YES_AGGRESSIVE;
				CLANG_CXX_LANGUAGE_STANDARD = "gnu++14";
				CLANG_CXX_LIBRARY = "libc++";
				CLANG_ENABLE_MODULES = YES;
				CLANG_ENABLE_OBJC_ARC = YES;
				CLANG_ENABLE_OBJC_WEAK = YES;
				CLANG_WARN_BLOCK_CAPTURE_AUTORELEASING = YES;
				CLANG_WARN_BOOL_CONVERSION = YES;
				CLANG_WARN_COMMA = YES;
				CLANG_WARN_CONSTANT_CONVERSION = YES;
				CLANG_WARN_DEPRECATED_OBJC_IMPLEMENTATIONS = YES;
				CLANG_WARN_DIRECT_OBJC_ISA_USAGE = YES_ERROR;
				CLANG_WARN_DOCUMENTATION_COMMENTS = YES;
				CLANG_WARN_EMPTY_BODY = YES;
				CLANG_WARN_ENUM_CONVERSION = YES;
				CLANG_WARN_INFINITE_RECURSION = YES;
				CLANG_WARN_INT_CONVERSION = YES;
				CLANG_WARN_NON_LITERAL_NULL_CONVERSION = YES;
				CLANG_WARN_OBJC_IMPLICIT_RETAIN_SELF = YES;
				CLANG_WARN_OBJC_LITERAL_CONVERSION = YES;
				CLANG_WARN_OBJC_ROOT_CLASS = YES_ERROR;
				CLANG_WARN_QUOTED_INCLUDE_IN_FRAMEWORK_HEADER = YES;
				CLANG_WARN_RANGE_LOOP_ANALYSIS = YES;
				CLANG_WARN_STRICT_PROTOTYPES = YES;
				CLANG_WARN_SUSPICIOUS_MOVE = YES;
				CLANG_WARN_UNGUARDED_AVAILABILITY = YES_AGGRESSIVE;
				CLANG_WARN_UNREACHABLE_CODE = YES;
				CLANG_WARN__DUPLICATE_METHOD_MATCH = YES;
				COPY_PHASE_STRIP = NO;
				DEBUG_INFORMATION_FORMAT = dwarf;
				ENABLE_STRICT_OBJC_MSGSEND = YES;
				ENABLE_TESTABILITY = YES;
				GCC_C_LANGUAGE_STANDARD = gnu11;
				GCC_DYNAMIC_NO_PIC = NO;
				GCC_NO_COMMON_BLOCKS = YES;
				GCC_OPTIMIZATION_LEVEL = 0;
				GCC_PREPROCESSOR_DEFINITIONS = (
					"DEBUG=1",
					"$(inherited)",
				);
				GCC_WARN_64_TO_32_BIT_CONVERSION = YES;
				GCC_WARN_ABOUT_RETURN_TYPE = YES_ERROR;
				GCC_WARN_UNDECLARED_SELECTOR = YES;
				GCC_WARN_UNINITIALIZED_AUTOS = YES_AGGRESSIVE;
				GCC_WARN_UNUSED_FUNCTION = YES;
				GCC_WARN_UNUSED_VARIABLE = YES;
				MTL_ENABLE_DEBUG_INFO = INCLUDE_SOURCE;
				MTL_FAST_MATH = YES;
				ONLY_ACTIVE_ARCH = YES;
				PRODUCT_NAME = "$(TARGET_NAME)";
				SWIFT_ACTIVE_COMPILATION_CONDITIONS = DEBUG;
				SWIFT_OPTIMIZATION_LEVEL = "-Onone";
				SWIFT_VERSION = 5.0;
			};
			name = Debug;
		};
		80C055F96A8321C491AABE2A /* Debug */ = {
			isa = XCBuildConfiguration;
			buildSettings = {
				BUNDLE_LOADER = "$(TEST_HOST)";
				CLANG_ENABLE_OBJC_WEAK = NO;
				CODE_SIGN_STYLE = Automatic;
				DEVELOPMENT_TEAM = 25M26744V5;
				GENERATE_INFOPLIST_FILE = YES;
				IPHONEOS_DEPLOYMENT_TARGET = 17.0;
				PRODUCT_BUNDLE_IDENTIFIER = dev.denisschule.pocketask.nativetests;
				SDKROOT = iphoneos;
				SWIFT_VERSION = 5.0;
				TARGETED_DEVICE_FAMILY = "1,2";
				TEST_HOST = "$(BUILT_PRODUCTS_DIR)/PocketAsk.app/PocketAsk";
			};
			name = Debug;
		};
		815F412426C0B15EA5041568 /* Release */ = {
			isa = XCBuildConfiguration;
			buildSettings = {
				ASSETCATALOG_COMPILER_APPICON_NAME = AppIcon;
				ASSETCATALOG_COMPILER_GLOBAL_ACCENT_COLOR_NAME = AccentColor;
				CLANG_ENABLE_OBJC_WEAK = NO;
				CODE_SIGN_STYLE = Automatic;
				CURRENT_PROJECT_VERSION = 1;
				DEVELOPMENT_TEAM = 25M26744V5;
				ENABLE_USER_SCRIPT_SANDBOXING = NO;
				FRAMEWORK_SEARCH_PATHS = (
					"$(inherited)",
					"$(SRCROOT)/../shared/build/xcode-frameworks/$(CONFIGURATION)/$(SDK_NAME)",
				);
				GENERATE_INFOPLIST_FILE = YES;
				INFOPLIST_FILE = Info.plist;
				INFOPLIST_KEY_CFBundleDisplayName = "Pocket Ask";
				INFOPLIST_KEY_UIApplicationSceneManifest_Generation = YES;
				INFOPLIST_KEY_UILaunchScreen_Generation = YES;
				INFOPLIST_KEY_UISupportedInterfaceOrientations = "UIInterfaceOrientationPortrait UIInterfaceOrientationLandscapeLeft UIInterfaceOrientationLandscapeRight";
				IPHONEOS_DEPLOYMENT_TARGET = 17.0;
				LD_RUNPATH_SEARCH_PATHS = "$(inherited) @executable_path/Frameworks";
				MARKETING_VERSION = 0.1.0;
				OTHER_LDFLAGS = (
					"$(inherited)",
					"-framework",
					PocketAsk,
					"-lsqlite3",
				);
				PRODUCT_BUNDLE_IDENTIFIER = dev.denisschule.pocketask;
				PRODUCT_MODULE_NAME = PocketAskIOS;
				PRODUCT_NAME = PocketAsk;
				SDKROOT = iphoneos;
				SWIFT_VERSION = 5.0;
				TARGETED_DEVICE_FAMILY = "1,2";
				VALIDATE_PRODUCT = YES;
			};
			name = Release;
		};
		86BC5C6473E0101342BE22E2 /* Debug */ = {
			isa = XCBuildConfiguration;
			buildSettings = {
				ASSETCATALOG_COMPILER_APPICON_NAME = AppIcon;
				ASSETCATALOG_COMPILER_GLOBAL_ACCENT_COLOR_NAME = AccentColor;
				CLANG_ENABLE_OBJC_WEAK = NO;
				CODE_SIGN_STYLE = Automatic;
				CURRENT_PROJECT_VERSION = 1;
				DEVELOPMENT_TEAM = 25M26744V5;
				ENABLE_USER_SCRIPT_SANDBOXING = NO;
				FRAMEWORK_SEARCH_PATHS = (
					"$(inherited)",
					"$(SRCROOT)/../shared/build/xcode-frameworks/$(CONFIGURATION)/$(SDK_NAME)",
				);
				GENERATE_INFOPLIST_FILE = YES;
				INFOPLIST_FILE = Info.plist;
				INFOPLIST_KEY_CFBundleDisplayName = "Pocket Ask";
				INFOPLIST_KEY_UIApplicationSceneManifest_Generation = YES;
				INFOPLIST_KEY_UILaunchScreen_Generation = YES;
				INFOPLIST_KEY_UISupportedInterfaceOrientations = "UIInterfaceOrientationPortrait UIInterfaceOrientationLandscapeLeft UIInterfaceOrientationLandscapeRight";
				IPHONEOS_DEPLOYMENT_TARGET = 17.0;
				LD_RUNPATH_SEARCH_PATHS = "$(inherited) @executable_path/Frameworks";
				MARKETING_VERSION = 0.1.0;
				OTHER_LDFLAGS = (
					"$(inherited)",
					"-framework",
					PocketAsk,
					"-lsqlite3",
				);
				PRODUCT_BUNDLE_IDENTIFIER = dev.denisschule.pocketask;
				PRODUCT_MODULE_NAME = PocketAskIOS;
				PRODUCT_NAME = PocketAsk;
				SDKROOT = iphoneos;
				SWIFT_VERSION = 5.0;
				TARGETED_DEVICE_FAMILY = "1,2";
			};
			name = Debug;
		};
		9C528E631B683F4A44005E1A /* Release */ = {
			isa = XCBuildConfiguration;
			buildSettings = {
				APPLICATION_EXTENSION_API_ONLY = YES;
				CLANG_ENABLE_OBJC_WEAK = NO;
				CODE_SIGN_STYLE = Automatic;
				CURRENT_PROJECT_VERSION = 1;
				DEVELOPMENT_TEAM = 25M26744V5;
				GENERATE_INFOPLIST_FILE = YES;
				INFOPLIST_FILE = LiveActivity/Info.plist;
				INFOPLIST_KEY_CFBundleDisplayName = "Pocket Ask Voice";
				IPHONEOS_DEPLOYMENT_TARGET = 17.0;
				LD_RUNPATH_SEARCH_PATHS = "$(inherited) @executable_path/Frameworks @executable_path/../../Frameworks";
				MARKETING_VERSION = 0.1.0;
				PRODUCT_BUNDLE_IDENTIFIER = dev.denisschule.pocketask.voice;
				SDKROOT = iphoneos;
				SKIP_INSTALL = YES;
				SWIFT_VERSION = 5.0;
				TARGETED_DEVICE_FAMILY = "1,2";
				VALIDATE_PRODUCT = YES;
			};
			name = Release;
		};
		C2A6B85D299D4C2AF7B1D2D3 /* Release */ = {
			isa = XCBuildConfiguration;
			buildSettings = {
				BUNDLE_LOADER = "$(TEST_HOST)";
				CLANG_ENABLE_OBJC_WEAK = NO;
				CODE_SIGN_STYLE = Automatic;
				DEVELOPMENT_TEAM = 25M26744V5;
				GENERATE_INFOPLIST_FILE = YES;
				IPHONEOS_DEPLOYMENT_TARGET = 17.0;
				PRODUCT_BUNDLE_IDENTIFIER = dev.denisschule.pocketask.nativetests;
				SDKROOT = iphoneos;
				SWIFT_VERSION = 5.0;
				TARGETED_DEVICE_FAMILY = "1,2";
				TEST_HOST = "$(BUILT_PRODUCTS_DIR)/PocketAsk.app/PocketAsk";
				VALIDATE_PRODUCT = YES;
			};
			name = Release;
		};
		C52188270578DDBA0688A9D8 /* Release */ = {
			isa = XCBuildConfiguration;
			buildSettings = {
				ALWAYS_SEARCH_USER_PATHS = NO;
				CLANG_ANALYZER_NONNULL = YES;
				CLANG_ANALYZER_NUMBER_OBJECT_CONVERSION = YES_AGGRESSIVE;
				CLANG_CXX_LANGUAGE_STANDARD = "gnu++14";
				CLANG_CXX_LIBRARY = "libc++";
				CLANG_ENABLE_MODULES = YES;
				CLANG_ENABLE_OBJC_ARC = YES;
				CLANG_ENABLE_OBJC_WEAK = YES;
				CLANG_WARN_BLOCK_CAPTURE_AUTORELEASING = YES;
				CLANG_WARN_BOOL_CONVERSION = YES;
				CLANG_WARN_COMMA = YES;
				CLANG_WARN_CONSTANT_CONVERSION = YES;
				CLANG_WARN_DEPRECATED_OBJC_IMPLEMENTATIONS = YES;
				CLANG_WARN_DIRECT_OBJC_ISA_USAGE = YES_ERROR;
				CLANG_WARN_DOCUMENTATION_COMMENTS = YES;
				CLANG_WARN_EMPTY_BODY = YES;
				CLANG_WARN_ENUM_CONVERSION = YES;
				CLANG_WARN_INFINITE_RECURSION = YES;
				CLANG_WARN_INT_CONVERSION = YES;
				CLANG_WARN_NON_LITERAL_NULL_CONVERSION = YES;
				CLANG_WARN_OBJC_IMPLICIT_RETAIN_SELF = YES;
				CLANG_WARN_OBJC_LITERAL_CONVERSION = YES;
				CLANG_WARN_OBJC_ROOT_CLASS = YES_ERROR;
				CLANG_WARN_QUOTED_INCLUDE_IN_FRAMEWORK_HEADER = YES;
				CLANG_WARN_RANGE_LOOP_ANALYSIS = YES;
				CLANG_WARN_STRICT_PROTOTYPES = YES;
				CLANG_WARN_SUSPICIOUS_MOVE = YES;
				CLANG_WARN_UNGUARDED_AVAILABILITY = YES_AGGRESSIVE;
				CLANG_WARN_UNREACHABLE_CODE = YES;
				CLANG_WARN__DUPLICATE_METHOD_MATCH = YES;
				COPY_PHASE_STRIP = NO;
				DEBUG_INFORMATION_FORMAT = "dwarf-with-dsym";
				ENABLE_NS_ASSERTIONS = NO;
				ENABLE_STRICT_OBJC_MSGSEND = YES;
				GCC_C_LANGUAGE_STANDARD = gnu11;
				GCC_NO_COMMON_BLOCKS = YES;
				GCC_WARN_64_TO_32_BIT_CONVERSION = YES;
				GCC_WARN_ABOUT_RETURN_TYPE = YES_ERROR;
				GCC_WARN_UNDECLARED_SELECTOR = YES;
				GCC_WARN_UNINITIALIZED_AUTOS = YES_AGGRESSIVE;
				GCC_WARN_UNUSED_FUNCTION = YES;
				GCC_WARN_UNUSED_VARIABLE = YES;
				MTL_ENABLE_DEBUG_INFO = NO;
				MTL_FAST_MATH = YES;
				PRODUCT_NAME = "$(TARGET_NAME)";
				SWIFT_COMPILATION_MODE = wholemodule;
				SWIFT_OPTIMIZATION_LEVEL = "-O";
				SWIFT_VERSION = 5.0;
			};
			name = Release;
		};
/* End XCBuildConfiguration section */

/* Begin XCConfigurationList section */
		0C12F207D4CA28F29F66F77E /* Build configuration list for PBXNativeTarget "PocketAskNativeTests" */ = {
			isa = XCConfigurationList;
			buildConfigurations = (
				C2A6B85D299D4C2AF7B1D2D3 /* Release */,
				80C055F96A8321C491AABE2A /* Debug */,
			);
			defaultConfigurationIsVisible = 0;
			defaultConfigurationName = Release;
		};
		94825A9290CCBFDA23A109EA /* Build configuration list for PBXNativeTarget "PocketAskLiveActivity" */ = {
			isa = XCConfigurationList;
			buildConfigurations = (
				9C528E631B683F4A44005E1A /* Release */,
				3CE909FEED7D17C5884A99C1 /* Debug */,
			);
			defaultConfigurationIsVisible = 0;
			defaultConfigurationName = Release;
		};
		A04054487159A8F699E68890 /* Build configuration list for PBXProject "PocketAsk" */ = {
			isa = XCConfigurationList;
			buildConfigurations = (
				4D267E61B87B51D4FE5B2C22 /* Debug */,
				C52188270578DDBA0688A9D8 /* Release */,
			);
			defaultConfigurationIsVisible = 0;
			defaultConfigurationName = Release;
		};
		EF60E0CF0D845FF71F40B7C0 /* Build configuration list for PBXNativeTarget "PocketAsk" */ = {
			isa = XCConfigurationList;
			buildConfigurations = (
				815F412426C0B15EA5041568 /* Release */,
				86BC5C6473E0101342BE22E2 /* Debug */,
			);
			defaultConfigurationIsVisible = 0;
			defaultConfigurationName = Release;
		};
/* End XCConfigurationList section */

/* Begin XCRemoteSwiftPackageReference section */
		7DC67945C00ADB496FBAAFD2 /* XCRemoteSwiftPackageReference "LiteRT-LM" */ = {
			isa = XCRemoteSwiftPackageReference;
			repositoryURL = "https://github.com/google-ai-edge/LiteRT-LM";
			requirement = {
				kind = exactVersion;
				version = 0.18.0;
			};
		};
		AA0500000000000000000001 /* XCRemoteSwiftPackageReference "onnxruntime-swift-package-manager" */ = {
			isa = XCRemoteSwiftPackageReference;
			repositoryURL = "https://github.com/microsoft/onnxruntime-swift-package-manager.git";
			requirement = {
				kind = exactVersion;
				version = 1.24.2;
			};
		};
/* End XCRemoteSwiftPackageReference section */

/* Begin XCSwiftPackageProductDependency section */
		6018E07545EE523537FF920A /* LiteRTLM */ = {
			isa = XCSwiftPackageProductDependency;
			package = 7DC67945C00ADB496FBAAFD2 /* XCRemoteSwiftPackageReference "LiteRT-LM" */;
			productName = LiteRTLM;
		};
		AA0400000000000000000001 /* onnxruntime */ = {
			isa = XCSwiftPackageProductDependency;
			package = AA0500000000000000000001 /* XCRemoteSwiftPackageReference "onnxruntime-swift-package-manager" */;
			productName = onnxruntime;
		};
/* End XCSwiftPackageProductDependency section */
	};
	rootObject = DAF7ADED838C9A9613423386 /* Project object */;
}
